<?xml version="1.0" encoding="utf-8"?>
<Project ToolsVersion="4.0" xmlns="http://schemas.microsoft.com/developer/msbuild/2003">
  <ItemGroup>
    <Filter Include="Source Files">
      <UniqueIdentifier>{4FC737F1-C7A5-4376-A066-2A32D752A2FF}</UniqueIdentifier>
      <Extensions>cpp;c;cc;cxx;def;odl;idl;hpj;bat;asm;asmx</Extensions>
    </Filter>
    <Filter Include="Header Files">
      <UniqueIdentifier>{93995380-89BD-4b04-88EB-625FBE52EBFB}</UniqueIdentifier>
      <Extensions>h;hh;hpp;hxx;hm;inl;inc;ipp;xsd</Extensions>
    </Filter>
    <Filter Include="Resource Files">
      <UniqueIdentifier>{67DA6AB6-F800-4c08-8B7A-83BB121AAD01}</UniqueIdentifier>
      <Extensions>rc;ico;cur;bmp;dlg;rc2;rct;bin;rgs;gif;jpg;jpeg;jpe;resx;tiff;tif;png;wav;mfcribbon-ms</Extensions>
    </Filter>
    <Filter Include="Source Files\View">
      <UniqueIdentifier>{327bfffa-5ad7-4725-a9d7-1fd9664dbbd6}</UniqueIdentifier>
    </Filter>
    <Filter Include="Source Files\Model">
      <UniqueIdentifier>{832357b9-72f3-4559-ac18-0ac4f78ea4d3}</UniqueIdentifier>
    </Filter>
    <Filter Include="Source Files\Control">
      <UniqueIdentifier>{dc0cd33a-f5ff-422d-a883-48a1fd5fe066}</UniqueIdentifier>
    </Filter>
    <Filter Include="Header Files\View">
      <UniqueIdentifier>{d52452a0-fc27-48d0-a0a2-7a05efa60137}</UniqueIdentifier>
    </Filter>
    <Filter Include="Header Files\Control">
      <UniqueIdentifier>{26e7e804-3b79-40ba-a306-8d55265a30b3}</UniqueIdentifier>
    </Filter>
    <Filter Include="Header Files\Model">
      <UniqueIdentifier>{e15417f4-57f7-4e19-bbb0-41529a7638c9}</UniqueIdentifier>
    </Filter>
  </ItemGroup>
  <ItemGroup>
    <ClInclude Include="CayNhiPhan.h">
      <Filter>Header Files\Model</Filter>
    </ClInclude>
    <ClInclude Include="DanhSachTuyenTinh.h">
      <Filter>Header Files\Model</Filter>
    </ClInclude>
    <ClInclude Include="DSLienKetDon.h">
      <Filter>Header Files\Model</Filter>
    </ClInclude>
    <ClInclude Include="ConnectFile.h">
      <Filter>Header Files\Control</Filter>
    </ClInclude>
    <ClInclude Include="console.h">
      <Filter>Header Files\View</Filter>
    </ClInclude>
    <ClInclude Include="MainCt.h">
      <Filter>Header Files\View</Filter>
    </ClInclude>
    <ClInclude Include="Header.h">
      <Filter>Header Files\Model</Filter>
    </ClInclude>
    <ClInclude Include="BackEnd.h">
      <Filter>Header Files\Model</Filter>
    </ClInclude>
    <ClInclude Include="DSCTHoaDon.h">
      <Filter>Header Files\View</Filter>
    </ClInclude>
    <ClInclude Include="DSHoaDon.h">
      <Filter>Header Files\View</Filter>
    </ClInclude>
    <ClInclude Include="DSNhanVien.h">
      <Filter>Header Files\View</Filter>
    </ClInclude>
    <ClInclude Include="DSVatTu.h">
      <Filter>Header Files\View</Filter>
    </ClInclude>
    <ClInclude Include="Design.h">
      <Filter>Header Files\View</Filter>
    </ClInclude>
    <ClInclude Include="MangConTro.h">
      <Filter>Header Files\Model</Filter>
    </ClInclude>
  </ItemGroup>
  <ItemGroup>
    <ClCompile Include="CayNhiPhan.cpp">
      <Filter>Source Files\Model</Filter>
    </ClCompile>
    <ClCompile Include="DanhSachTuyenTinh.cpp">
      <Filter>Source Files\Model</Filter>
    </ClCompile>
    <ClCompile Include="DSLienKetDon.cpp">
      <Filter>Source Files\Model</Filter>
    </ClCompile>
    <ClCompile Include="MangConTro.cpp">
      <Filter>Source Files\Model</Filter>
    </ClCompile>
    <ClCompile Include="ConnectFile.cpp">
      <Filter>Source Files\Control</Filter>
    </ClCompile>
    <ClCompile Include="console.cpp">
      <Filter>Source Files\View</Filter>
    </ClCompile>
    <ClCompile Include="MainCt.cpp">
      <Filter>Source Files\View</Filter>
    </ClCompile>
    <ClCompile Include="BackEnd.cpp">
      <Filter>Source Files\Model</Filter>
    </ClCompile>
    <ClCompile Include="DSCTHoaDon.cpp">
      <Filter>Source Files\View</Filter>
    </ClCompile>
    <ClCompile Include="DSHoaDon.cpp">
      <Filter>Source Files\View</Filter>
    </ClCompile>
    <ClCompile Include="DSNhanVien.cpp">
      <Filter>Source Files\View</Filter>
    </ClCompile>
    <ClCompile Include="DSVatTu.cpp">
      <Filter>Source Files\View</Filter>
    </ClCompile>
    <ClCompile Include="Design.cpp">
      <Filter>Source Files\View</Filter>
    </ClCompile>
    <ClCompile Include="Source.cpp">
      <Filter>Source Files\Control</Filter>
    </ClCompile>
  </ItemGroup>
  <ItemGroup>
    <Text Include="data.txt">
      <Filter>Resource Files</Filter>
    </Text>
    <Text Include="OldData.txt">
      <Filter>Resource Files</Filter>
    </Text>
  </ItemGroup>
</Project>